
Microsoft Visual Studio Solution File, Format Version 12.00
Project("{2150E333-8FDC-42A3-9474-1A3956D46DE8}") = "src", "src", "{8CBBD2F4-6827-4FA5-B78B-D9663F411A2F}"
EndProject
Project("{FAE04EC0-301F-11D3-BF4B-00C04F79EFBC}") = "DineHub.Api", "src\DineHub.Api\DineHub.Api.csproj", "{256AFB55-2CCB-4C68-93EE-DDBFC896D302}"
EndProject
Project("{FAE04EC0-301F-11D3-BF4B-00C04F79EFBC}") = "DineHub.Application", "src\DineHub.Application\DineHub.Application.csproj", "{2D0C1F3F-4742-47DE-BEE2-3A88E57BE6C2}"
EndProject
Project("{FAE04EC0-301F-11D3-BF4B-00C04F79EFBC}") = "DineHub.Domain", "src\DineHub.Domain\DineHub.Domain.csproj", "{53043E6B-736E-460C-96EA-A86E982E394C}"
EndProject
Project("{FAE04EC0-301F-11D3-BF4B-00C04F79EFBC}") = "DineHub.Infrastructure", "src\DineHub.Infrastructure\DineHub.Infrastructure.csproj", "{A4255D7D-1F35-4AD2-B292-47C9EE2A41FA}"
EndProject
Project("{2150E333-8FDC-42A3-9474-1A3956D46DE8}") = "tests", "tests", "{4153210A-4626-4050-B69A-A1670B72A323}"
EndProject
Project("{FAE04EC0-301F-11D3-BF4B-00C04F79EFBC}") = "DineHub.Api.Tests", "tests\DineHub.Api.Tests\DineHub.Api.Tests.csproj", "{3EE52C54-5EDC-477D-AEBA-39E0948816DA}"
EndProject
Project("{FAE04EC0-301F-11D3-BF4B-00C04F79EFBC}") = "DineHub.Application.Tests", "tests\DineHub.Application.Tests\DineHub.Application.Tests.csproj", "{057807D9-64C8-4C09-B1E7-7A982D4DE00B}"
EndProject
Global
	GlobalSection(SolutionConfigurationPlatforms) = preSolution
		Debug|Any CPU = Debug|Any CPU
		Release|Any CPU = Release|Any CPU
	EndGlobalSection
	GlobalSection(ProjectConfigurationPlatforms) = postSolution
		{256AFB55-2CCB-4C68-93EE-DDBFC896D302}.Debug|Any CPU.ActiveCfg = Debug|Any CPU
		{256AFB55-2CCB-4C68-93EE-DDBFC896D302}.Debug|Any CPU.Build.0 = Debug|Any CPU
		{256AFB55-2CCB-4C68-93EE-DDBFC896D302}.Release|Any CPU.ActiveCfg = Release|Any CPU
		{256AFB55-2CCB-4C68-93EE-DDBFC896D302}.Release|Any CPU.Build.0 = Release|Any CPU
		{2D0C1F3F-4742-47DE-BEE2-3A88E57BE6C2}.Debug|Any CPU.ActiveCfg = Debug|Any CPU
		{2D0C1F3F-4742-47DE-BEE2-3A88E57BE6C2}.Debug|Any CPU.Build.0 = Debug|Any CPU
		{2D0C1F3F-4742-47DE-BEE2-3A88E57BE6C2}.Release|Any CPU.ActiveCfg = Release|Any CPU
		{2D0C1F3F-4742-47DE-BEE2-3A88E57BE6C2}.Release|Any CPU.Build.0 = Release|Any CPU
		{53043E6B-736E-460C-96EA-A86E982E394C}.Debug|Any CPU.ActiveCfg = Debug|Any CPU
		{53043E6B-736E-460C-96EA-A86E982E394C}.Debug|Any CPU.Build.0 = Debug|Any CPU
		{53043E6B-736E-460C-96EA-A86E982E394C}.Release|Any CPU.ActiveCfg = Release|Any CPU
		{53043E6B-736E-460C-96EA-A86E982E394C}.Release|Any CPU.Build.0 = Release|Any CPU
		{A4255D7D-1F35-4AD2-B292-47C9EE2A41FA}.Debug|Any CPU.ActiveCfg = Debug|Any CPU
		{A4255D7D-1F35-4AD2-B292-47C9EE2A41FA}.Debug|Any CPU.Build.0 = Debug|Any CPU
		{A4255D7D-1F35-4AD2-B292-47C9EE2A41FA}.Release|Any CPU.ActiveCfg = Release|Any CPU
		{A4255D7D-1F35-4AD2-B292-47C9EE2A41FA}.Release|Any CPU.Build.0 = Release|Any CPU
		{3EE52C54-5EDC-477D-AEBA-39E0948816DA}.Debug|Any CPU.ActiveCfg = Debug|Any CPU
		{3EE52C54-5EDC-477D-AEBA-39E0948816DA}.Debug|Any CPU.Build.0 = Debug|Any CPU
		{3EE52C54-5EDC-477D-AEBA-39E0948816DA}.Release|Any CPU.ActiveCfg = Release|Any CPU
		{3EE52C54-5EDC-477D-AEBA-39E0948816DA}.Release|Any CPU.Build.0 = Release|Any CPU
		{057807D9-64C8-4C09-B1E7-7A982D4DE00B}.Debug|Any CPU.ActiveCfg = Debug|Any CPU
		{057807D9-64C8-4C09-B1E7-7A982D4DE00B}.Debug|Any CPU.Build.0 = Debug|Any CPU
		{057807D9-64C8-4C09-B1E7-7A982D4DE00B}.Release|Any CPU.ActiveCfg = Release|Any CPU
		{057807D9-64C8-4C09-B1E7-7A982D4DE00B}.Release|Any CPU.Build.0 = Release|Any CPU
	EndGlobalSection
	GlobalSection(NestedProjects) = preSolution
		{256AFB55-2CCB-4C68-93EE-DDBFC896D302} = {8CBBD2F4-6827-4FA5-B78B-D9663F411A2F}
		{2D0C1F3F-4742-47DE-BEE2-3A88E57BE6C2} = {8CBBD2F4-6827-4FA5-B78B-D9663F411A2F}
		{53043E6B-736E-460C-96EA-A86E982E394C} = {8CBBD2F4-6827-4FA5-B78B-D9663F411A2F}
		{A4255D7D-1F35-4AD2-B292-47C9EE2A41FA} = {8CBBD2F4-6827-4FA5-B78B-D9663F411A2F}
		{3EE52C54-5EDC-477D-AEBA-39E0948816DA} = {4153210A-4626-4050-B69A-A1670B72A323}
		{057807D9-64C8-4C09-B1E7-7A982D4DE00B} = {4153210A-4626-4050-B69A-A1670B72A323}
	EndGlobalSection
EndGlobal
